// !$*UTF8*$!
{
	archiveVersion = 1;
	classes = {
	};
	objectVersion = 50;
	objects = {

/* Begin PBXBuildFile section */
		BD7FD8C9B184D2D3A14F5281 /* Pods_dideatdrink.framework in Frameworks */ = {isa = PBXBuildFile; fileRef = D27152697EDB5CEDF3EC5CFC /* Pods_dideatdrink.framework */; };
		EB2BD1562189C2F00012311A /* kullanicikonumVC.swift in Sources */ = {isa = PBXBuildFile; fileRef = EB2BD1552189C2F00012311A /* kullanicikonumVC.swift */; };
		EB54DCE82186E93A0028C7AE /* AppDelegate.swift in Sources */ = {isa = PBXBuildFile; fileRef = EB54DCE72186E93A0028C7AE /* AppDelegate.swift */; };
		EB54DCEA2186E93A0028C7AE /* kullaniciVC.swift in Sources */ = {isa = PBXBuildFile; fileRef = EB54DCE92186E93A0028C7AE /* kullaniciVC.swift */; };
		EB54DCED2186E93A0028C7AE /* Main.storyboard in Resources */ = {isa = PBXBuildFile; fileRef = EB54DCEB2186E93A0028C7AE /* Main.storyboard */; };
		EB54DCEF2186E93B0028C7AE /* Assets.xcassets in Resources */ = {isa = PBXBuildFile; fileRef = EB54DCEE2186E93B0028C7AE /* Assets.xcassets */; };
		EB54DCF22186E93B0028C7AE /* LaunchScreen.storyboard in Resources */ = {isa = PBXBuildFile; fileRef = EB54DCF02186E93B0028C7AE /* LaunchScreen.storyboard */; };
		EB9B656821888613002710AF /* isletmeVC.swift in Sources */ = {isa = PBXBuildFile; fileRef = EB9B656721888613002710AF /* isletmeVC.swift */; };
/* End PBXBuildFile section */

/* Begin PBXFileReference section */
		06D29CCFDE423E3FCB9A370E /* Pods-dideatdrink.debug.xcconfig */ = {isa = PBXFileReference; includeInIndex = 1; lastKnownFileType = text.xcconfig; name = "Pods-dideatdrink.debug.xcconfig"; path = "Pods/Target Support Files/Pods-dideatdrink/Pods-dideatdrink.debug.xcconfig"; sourceTree = "<group>"; };
		B1AF9854D92CC179BB005897 /* Pods-dideatdrink.release.xcconfig */ = {isa = PBXFileReference; includeInIndex = 1; lastKnownFileType = text.xcconfig; name = "Pods-dideatdrink.release.xcconfig"; path = "Pods/Target Support Files/Pods-dideatdrink/Pods-dideatdrink.release.xcconfig"; sourceTree = "<group>"; };
		D27152697EDB5CEDF3EC5CFC /* Pods_dideatdrink.framework */ = {isa = PBXFileReference; explicitFileType = wrapper.framework; includeInIndex = 0; path = Pods_dideatdrink.framework; sourceTree = BUILT_PRODUCTS_DIR; };
		EB2BD1552189C2F00012311A /* kullanicikonumVC.swift */ = {isa = PBXFileReference; lastKnownFileType = sourcecode.swift; path = kullanicikonumVC.swift; sourceTree = "<group>"; };
		EB54DCE42186E93A0028C7AE /* dideatdrink.app */ = {isa = PBXFileReference; explicitFileType = wrapper.application; includeInIndex = 0; path = dideatdrink.app; sourceTree = BUILT_PRODUCTS_DIR; };
		EB54DCE72186E93A0028C7AE /* AppDelegate.swift */ = {isa = PBXFileReference; lastKnownFileType = sourcecode.swift; path = AppDelegate.swift; sourceTree = "<group>"; };
		EB54DCE92186E93A0028C7AE /* kullaniciVC.swift */ = {isa = PBXFileReference; lastKnownFileType = sourcecode.swift; path = kullaniciVC.swift; sourceTree = "<group>"; };
		EB54DCEC2186E93A0028C7AE /* Base */ = {isa = PBXFileReference; lastKnownFileType = file.storyboard; name = Base; path = Base.lproj/Main.storyboard; sourceTree = "<group>"; };
		EB54DCEE2186E93B0028C7AE /* Assets.xcassets */ = {isa = PBXFileReference; lastKnownFileType = folder.assetcatalog; path = Assets.xcassets; sourceTree = "<group>"; };
		EB54DCF12186E93B0028C7AE /* Base */ = {isa = PBXFileReference; lastKnownFileType = file.storyboard; name = Base; path = Base.lproj/LaunchScreen.storyboard; sourceTree = "<group>"; };
		EB54DCF32186E93B0028C7AE /* Info.plist */ = {isa = PBXFileReference; lastKnownFileType = text.plist.xml; path = Info.plist; sourceTree = "<group>"; };
		EB9B656721888613002710AF /* isletmeVC.swift */ = {isa = PBXFileReference; lastKnownFileType = sourcecode.swift; path = isletmeVC.swift; sourceTree = "<group>"; };
/* End PBXFileReference section */

/* Begin PBXFrameworksBuildPhase section */
		EB54DCE12186E93A0028C7AE /* Frameworks */ = {
			isa = PBXFrameworksBuildPhase;
			buildActionMask = 2147483647;
			files = (
				BD7FD8C9B184D2D3A14F5281 /* Pods_dideatdrink.framework in Frameworks */,
			);
			runOnlyForDeploymentPostprocessing = 0;
		};
/* End PBXFrameworksBuildPhase section */

/* Begin PBXGroup section */
		410F572A9D1319E1408BC381 /* Frameworks */ = {
			isa = PBXGroup;
			children = (
				D27152697EDB5CEDF3EC5CFC /* Pods_dideatdrink.framework */,
			);
			name = Frameworks;
			sourceTree = "<group>";
		};
		68642DC2DADEF7C5717A376D /* Pods */ = {
			isa = PBXGroup;
			children = (
				06D29CCFDE423E3FCB9A370E /* Pods-dideatdrink.debug.xcconfig */,
				B1AF9854D92CC179BB005897 /* Pods-dideatdrink.release.xcconfig */,
			);
			name = Pods;
			sourceTree = "<group>";
		};
		EB54DCDB2186E93A0028C7AE = {
			isa = PBXGroup;
			children = (
				EB54DCE62186E93A0028C7AE /* dideatdrink */,
				EB54DCE52186E93A0028C7AE /* Products */,
				68642DC2DADEF7C5717A376D /* Pods */,
				410F572A9D1319E1408BC381 /* Frameworks */,
			);
			sourceTree = "<group>";
		};
		EB54DCE52186E93A0028C7AE /* Products */ = {
			isa = PBXGroup;
			children = (
				EB54DCE42186E93A0028C7AE /* dideatdrink.app */,
			);
			name = Products;
			sourceTree = "<group>";
		};
		EB54DCE62186E93A0028C7AE /* dideatdrink */ = {
			isa = PBXGroup;
			children = (
				EB54DCE72186E93A0028C7AE /* AppDelegate.swift */,
				EB54DCE92186E93A0028C7AE /* kullaniciVC.swift */,
				EB9B656721888613002710AF /* isletmeVC.swift */,
				EB54DCEB2186E93A0028C7AE /* Main.storyboard */,
				EB2BD1552189C2F00012311A /* kullanicikonumVC.swift */,
				EB54DCEE2186E93B0028C7AE /* Assets.xcassets */,
				EB54DCF02186E93B0028C7AE /* LaunchScreen.storyboard */,
				EB54DCF32186E93B0028C7AE /* Info.plist */,
			);
			path = dideatdrink;
			sourceTree = "<group>";
		};
/* End PBXGroup section */

/* Begin PBXNativeTarget section */
		EB54DCE32186E93A0028C7AE /* dideatdrink */ = {
			isa = PBXNativeTarget;
			buildConfigurationList = EB54DCF62186E93B0028C7AE /* Build configuration list for PBXNativeTarget "dideatdrink" */;
			buildPhases = (
				46910A4121A0AEF834E04D04 /* [CP] Check Pods Manifest.lock */,
				EB54DCE02186E93A0028C7AE /* Sources */,
				EB54DCE12186E93A0028C7AE /* Frameworks */,
				EB54DCE22186E93A0028C7AE /* Resources */,
				818D7B156D4D17E49FAB0369 /* [CP] Embed Pods Frameworks */,
			);
			buildRules = (
			);
			dependencies = (
			);
			name = dideatdrink;
			productName = dideatdrink;
			productReference = EB54DCE42186E93A0028C7AE /* dideatdrink.app */;
			productType = "com.apple.product-type.application";
		};
/* End PBXNativeTarget section */

/* Begin PBXProject section */
		EB54DCDC2186E93A0028C7AE /* Project object */ = {
			isa = PBXProject;
			attributes = {
				LastSwiftUpdateCheck = 1000;
				LastUpgradeCheck = 1000;
				ORGANIZATIONNAME = "mehmet selen";
				TargetAttributes = {
					EB54DCE32186E93A0028C7AE = {
						CreatedOnToolsVersion = 10.0;
					};
				};
			};
			buildConfigurationList = EB54DCDF2186E93A0028C7AE /* Build configuration list for PBXProject "dideatdrink" */;
			compatibilityVersion = "Xcode 9.3";
			developmentRegion = en;
			hasScannedForEncodings = 0;
			knownRegions = (
				en,
				Base,
			);
			mainGroup = EB54DCDB2186E93A0028C7AE;
			productRefGroup = EB54DCE52186E93A0028C7AE /* Products */;
			projectDirPath = "";
			projectRoot = "";
			targets = (
				EB54DCE32186E93A0028C7AE /* dideatdrink */,
			);
		};
/* End PBXProject section */

/* Begin PBXResourcesBuildPhase section */
		EB54DCE22186E93A0028C7AE /* Resources */ = {
			isa = PBXResourcesBuildPhase;
			buildActionMask = 2147483647;
			files = (
				EB54DCF22186E93B0028C7AE /* LaunchScreen.storyboard in Resources */,
				EB54DCEF2186E93B0028C7AE /* Assets.xcassets in Resources */,
				EB54DCED2186E93A0028C7AE /* Main.storyboard in Resources */,
			);
			runOnlyForDeploymentPostprocessing = 0;
		};
/* End PBXResourcesBuildPhase section */

/* Begin PBXShellScriptBuildPhase section */
		46910A4121A0AEF834E04D04 /* [CP] Check Pods Manifest.lock */ = {
			isa = PBXShellScriptBuildPhase;
			buildActionMask = 2147483647;
			files = (
			);
			inputFileListPaths = (
			);
			inputPaths = (
				"${PODS_PODFILE_DIR_PATH}/Podfile.lock",
				"${PODS_ROOT}/Manifest.lock",
			);
			name = "[CP] Check Pods Manifest.lock";
			outputFileListPaths = (
			);
			outputPaths = (
				"$(DERIVED_FILE_DIR)/Pods-dideatdrink-checkManifestLockResult.txt",
			);
			runOnlyForDeploymentPostprocessing = 0;
			shellPath = /bin/sh;
			shellScript = "diff \"${PODS_PODFILE_DIR_PATH}/Podfile.lock\" \"${PODS_ROOT}/Manifest.lock\" > /dev/null\nif [ $? != 0 ] ; then\n    # print error to STDERR\n    echo \"error: The sandbox is not in sync with the Podfile.lock. Run 'pod install' or update your CocoaPods installation.\" >&2\n    exit 1\nfi\n# This output is used by Xcode 'outputs' to avoid re-running this script phase.\necho \"SUCCESS\" > \"${SCRIPT_OUTPUT_FILE_0}\"\n";
			showEnvVarsInLog = 0;
		};
		818D7B156D4D17E49FAB0369 /* [CP] Embed Pods Frameworks */ = {
			isa = PBXShellScriptBuildPhase;
			buildActionMask = 2147483647;
			files = (
			);
			inputFileListPaths = (
			);
			inputPaths = (
				"${SRCROOT}/Pods/Target Support Files/Pods-dideatdrink/Pods-dideatdrink-frameworks.sh",
				"${BUILT_PRODUCTS_DIR}/Bolts/Bolts.framework",
				"${BUILT_PRODUCTS_DIR}/Parse/Parse.framework",
			);
			name = "[CP] Embed Pods Frameworks";
			outputFileListPaths = (
			);
			outputPaths = (
				"${TARGET_BUILD_DIR}/${FRAMEWORKS_FOLDER_PATH}/Bolts.framework",
				"${TARGET_BUILD_DIR}/${FRAMEWORKS_FOLDER_PATH}/Parse.framework",
			);
			runOnlyForDeploymentPostprocessing = 0;
			shellPath = /bin/sh;
			shellScript = "\"${SRCROOT}/Pods/Target Support Files/Pods-dideatdrink/Pods-dideatdrink-frameworks.sh\"\n";
			showEnvVarsInLog = 0;
		};
/* End PBXShellScriptBuildPhase section */

/* Begin PBXSourcesBuildPhase section */
		EB54DCE02186E93A0028C7AE /* Sources */ = {
			isa = PBXSourcesBuildPhase;
			buildActionMask = 2147483647;
			files = (
				EB2BD1562189C2F00012311A /* kullanicikonumVC.swift in Sources */,
				EB54DCEA2186E93A0028C7AE /* kullaniciVC.swift in Sources */,
				EB9B656821888613002710AF /* isletmeVC.swift in Sources */,
				EB54DCE82186E93A0028C7AE /* AppDelegate.swift in Sources */,
			);
			runOnlyForDeploymentPostprocessing = 0;
		};
/* End PBXSourcesBuildPhase section */

/* Begin PBXVariantGroup section */
		EB54DCEB2186E93A0028C7AE /* Main.storyboard */ = {
			isa = PBXVariantGroup;
			children = (
				EB54DCEC2186E93A0028C7AE /* Base */,
			);
			name = Main.storyboard;
			sourceTree = "<group>";
		};
		EB54DCF02186E93B0028C7AE /* LaunchScreen.storyboard */ = {
			isa = PBXVariantGroup;
			children = (
				EB54DCF12186E93B0028C7AE /* Base */,
			);
			name = LaunchScreen.storyboard;
			sourceTree = "<group>";
		};
/* End PBXVariantGroup section */

/* Begin XCBuildConfiguration section */
		EB54DCF42186E93B0028C7AE /* Debug */ = {
			isa = XCBuildConfiguration;
			buildSettings = {
				ALWAYS_SEARCH_USER_PATHS = NO;
				CLANG_ANALYZER_NONNULL = YES;
				CLANG_ANALYZER_NUMBER_OBJECT_CONVERSION = YES_AGGRESSIVE;
				CLANG_CXX_LANGUAGE_STANDARD = "gnu++14";
				CLANG_CXX_LIBRARY = "libc++";
				CLANG_ENABLE_MODULES = YES;
				CLANG_ENABLE_OBJC_ARC = YES;
				CLANG_ENABLE_OBJC_WEAK = YES;
				CLANG_WARN_BLOCK_CAPTURE_AUTORELEASING = YES;
				CLANG_WARN_BOOL_CONVERSION = YES;
				CLANG_WARN_COMMA = YES;
				CLANG_WARN_CONSTANT_CONVERSION = YES;
				CLANG_WARN_DEPRECATED_OBJC_IMPLEMENTATIONS = YES;
				CLANG_WARN_DIRECT_OBJC_ISA_USAGE = YES_ERROR;
				CLANG_WARN_DOCUMENTATION_COMMENTS = YES;
				CLANG_WARN_EMPTY_BODY = YES;
				CLANG_WARN_ENUM_CONVERSION = YES;
				CLANG_WARN_INFINITE_RECURSION = YES;
				CLANG_WARN_INT_CONVERSION = YES;
				CLANG_WARN_NON_LITERAL_NULL_CONVERSION = YES;
				CLANG_WARN_OBJC_IMPLICIT_RETAIN_SELF = YES;
				CLANG_WARN_OBJC_LITERAL_CONVERSION = YES;
				CLANG_WARN_OBJC_ROOT_CLASS = YES_ERROR;
				CLANG_WARN_RANGE_LOOP_ANALYSIS = YES;
				CLANG_WARN_STRICT_PROTOTYPES = YES;
				CLANG_WARN_SUSPICIOUS_MOVE = YES;
				CLANG_WARN_UNGUARDED_AVAILABILITY = YES_AGGRESSIVE;
				CLANG_WARN_UNREACHABLE_CODE = YES;
				CLANG_WARN__DUPLICATE_METHOD_MATCH = YES;
				CODE_SIGN_IDENTITY = "iPhone Developer";
				COPY_PHASE_STRIP = NO;
				DEBUG_INFORMATION_FORMAT = dwarf;
				ENABLE_STRICT_OBJC_MSGSEND = YES;
				ENABLE_TESTABILITY = YES;
				GCC_C_LANGUAGE_STANDARD = gnu11;
				GCC_DYNAMIC_NO_PIC = NO;
				GCC_NO_COMMON_BLOCKS = YES;
				GCC_OPTIMIZATION_LEVEL = 0;
				GCC_PREPROCESSOR_DEFINITIONS = (
					"DEBUG=1",
					"$(inherited)",
				);
				GCC_WARN_64_TO_32_BIT_CONVERSION = YES;
				GCC_WARN_ABOUT_RETURN_TYPE = YES_ERROR;
				GCC_WARN_UNDECLARED_SELECTOR = YES;
				GCC_WARN_UNINITIALIZED_AUTOS = YES_AGGRESSIVE;
				GCC_WARN_UNUSED_FUNCTION = YES;
				GCC_WARN_UNUSED_VARIABLE = YES;
				IPHONEOS_DEPLOYMENT_TARGET = 12.0;
				MTL_ENABLE_DEBUG_INFO = INCLUDE_SOURCE;
				MTL_FAST_MATH = YES;
				ONLY_ACTIVE_ARCH = YES;
				SDKROOT = iphoneos;
				SWIFT_ACTIVE_COMPILATION_CONDITIONS = DEBUG;
				SWIFT_OPTIMIZATION_LEVEL = "-Onone";
			};
			name = Debug;
		};
		EB54DCF52186E93B0028C7AE /* Release */ = {
			isa = XCBuildConfiguration;
			buildSettings = {
				ALWAYS_SEARCH_USER_PATHS = NO;
				CLANG_ANALYZER_NONNULL = YES;
				CLANG_ANALYZER_NUMBER_OBJECT_CONVERSION = YES_AGGRESSIVE;
				CLANG_CXX_LANGUAGE_STANDARD = "gnu++14";
				CLANG_CXX_LIBRARY = "libc++";
				CLANG_ENABLE_MODULES = YES;
				CLANG_ENABLE_OBJC_ARC = YES;
				CLANG_ENABLE_OBJC_WEAK = YES;
				CLANG_WARN_BLOCK_CAPTURE_AUTORELEASING = YES;
				CLANG_WARN_BOOL_CONVERSION = YES;
				CLANG_WARN_COMMA = YES;
				CLANG_WARN_CONSTANT_CONVERSION = YES;
				CLANG_WARN_DEPRECATED_OBJC_IMPLEMENTATIONS = YES;
				CLANG_WARN_DIRECT_OBJC_ISA_USAGE = YES_ERROR;
				CLANG_WARN_DOCUMENTATION_COMMENTS = YES;
				CLANG_WARN_EMPTY_BODY = YES;
				CLANG_WARN_ENUM_CONVERSION = YES;
				CLANG_WARN_INFINITE_RECURSION = YES;
				CLANG_WARN_INT_CONVERSION = YES;
				CLANG_WARN_NON_LITERAL_NULL_CONVERSION = YES;
				CLANG_WARN_OBJC_IMPLICIT_RETAIN_SELF = YES;
				CLANG_WARN_OBJC_LITERAL_CONVERSION = YES;
				CLANG_WARN_OBJC_ROOT_CLASS = YES_ERROR;
				CLANG_WARN_RANGE_LOOP_ANALYSIS = YES;
				CLANG_WARN_STRICT_PROTOTYPES = YES;
				CLANG_WARN_SUSPICIOUS_MOVE = YES;
				CLANG_WARN_UNGUARDED_AVAILABILITY = YES_AGGRESSIVE;
				CLANG_WARN_UNREACHABLE_CODE = YES;
				CLANG_WARN__DUPLICATE_METHOD_MATCH = YES;
				CODE_SIGN_IDENTITY = "iPhone Developer";
				COPY_PHASE_STRIP = NO;
				DEBUG_INFORMATION_FORMAT = "dwarf-with-dsym";
				ENABLE_NS_ASSERTIONS = NO;
				ENABLE_STRICT_OBJC_MSGSEND = YES;
				GCC_C_LANGUAGE_STANDARD = gnu11;
				GCC_NO_COMMON_BLOCKS = YES;
				GCC_WARN_64_TO_32_BIT_CONVERSION = YES;
				GCC_WARN_ABOUT_RETURN_TYPE = YES_ERROR;
				GCC_WARN_UNDECLARED_SELECTOR = YES;
				GCC_WARN_UNINITIALIZED_AUTOS = YES_AGGRESSIVE;
				GCC_WARN_UNUSED_FUNCTION = YES;
				GCC_WARN_UNUSED_VARIABLE = YES;
				IPHONEOS_DEPLOYMENT_TARGET = 12.0;
				MTL_ENABLE_DEBUG_INFO = NO;
				MTL_FAST_MATH = YES;
				SDKROOT = iphoneos;
				SWIFT_COMPILATION_MODE = wholemodule;
				SWIFT_OPTIMIZATION_LEVEL = "-O";
				VALIDATE_PRODUCT = YES;
			};
			name = Release;
		};
		EB54DCF72186E93B0028C7AE /* Debug */ = {
			isa = XCBuildConfiguration;
			baseConfigurationReference = 06D29CCFDE423E3FCB9A370E /* Pods-dideatdrink.debug.xcconfig */;
			buildSettings = {
				ASSETCATALOG_COMPILER_APPICON_NAME = AppIcon;
				CODE_SIGN_STYLE = Automatic;
				DEVELOPMENT_TEAM = U3QZS6URNF;
				INFOPLIST_FILE = dideatdrink/Info.plist;
				LD_RUNPATH_SEARCH_PATHS = (
					"$(inherited)",
					"@executable_path/Frameworks",
				);
				PRODUCT_BUNDLE_IDENTIFIER = com.mehmetselen.dideatdrink;
				PRODUCT_NAME = "$(TARGET_NAME)";
				SWIFT_VERSION = 4.2;
				TARGETED_DEVICE_FAMILY = "1,2";
			};
			name = Debug;
		};
		EB54DCF82186E93B0028C7AE /* Release */ = {
			isa = XCBuildConfiguration;
			baseConfigurationReference = B1AF9854D92CC179BB005897 /* Pods-dideatdrink.release.xcconfig */;
			buildSettings = {
				ASSETCATALOG_COMPILER_APPICON_NAME = AppIcon;
				CODE_SIGN_STYLE = Automatic;
				DEVELOPMENT_TEAM = U3QZS6URNF;
				INFOPLIST_FILE = dideatdrink/Info.plist;
				LD_RUNPATH_SEARCH_PATHS = (
					"$(inherited)",
					"@executable_path/Frameworks",
				);
				PRODUCT_BUNDLE_IDENTIFIER = com.mehmetselen.dideatdrink;
				PRODUCT_NAME = "$(TARGET_NAME)";
				SWIFT_VERSION = 4.2;
				TARGETED_DEVICE_FAMILY = "1,2";
			};
			name = Release;
		};
/* End XCBuildConfiguration section */

/* Begin XCConfigurationList section */
		EB54DCDF2186E93A0028C7AE /* Build configuration list for PBXProject "dideatdrink" */ = {
			isa = XCConfigurationList;
			buildConfigurations = (
				EB54DCF42186E93B0028C7AE /* Debug */,
				EB54DCF52186E93B0028C7AE /* Release */,
			);
			defaultConfigurationIsVisible = 0;
			defaultConfigurationName = Release;
		};
		EB54DCF62186E93B0028C7AE /* Build configuration list for PBXNativeTarget "dideatdrink" */ = {
			isa = XCConfigurationList;
			buildConfigurations = (
				EB54DCF72186E93B0028C7AE /* Debug */,
				EB54DCF82186E93B0028C7AE /* Release */,
			);
			defaultConfigurationIsVisible = 0;
			defaultConfigurationName = Release;
		};
/* End XCConfigurationList section */
	};
	rootObject = EB54DCDC2186E93A0028C7AE /* Project object */;
}
